{
  "name": "pet-platform",
  "version": "1.0.0",
  "lockfileVersion": 3,
  "requires": true,
  "packages": {
    "": {
      "name": "pet-platform",
      "version": "1.0.0",
      "license": "MIT",
      "workspaces": [
        "apps/*",
        "packages/*"
      ]
    },
    "apps/backend": {
      "name": "@pet-platform/backend",
      "version": "1.0.0",
      "license": "MIT"
    },
    "node_modules/@pet-platform/backend": {
      "resolved": "apps/backend",
      "link": true
    }
  }
}
